
Microsoft Visual Studio Solution File, Format Version 12.00
# Visual Studio 2013
VisualStudioVersion = 12.0.31101.0
MinimumVisualStudioVersion = 10.0.40219.1
Project("{FAE04EC0-301F-11D3-BF4B-00C04F79EFBC}") = "PublishR", "PublishR\PublishR.csproj", "{E4B3DA28-D1A7-427F-8E1A-C140C80D8242}"
EndProject
Project("{FAE04EC0-301F-11D3-BF4B-00C04F79EFBC}") = "PublishR.DocumentDB", "PublishR.DocumentDB\PublishR.DocumentDB.csproj", "{CA804333-FB76-4B2F-B3F1-466E9AC1A809}"
EndProject
Global
	GlobalSection(SolutionConfigurationPlatforms) = preSolution
		Debug|Any CPU = Debug|Any CPU
		Release|Any CPU = Release|Any CPU
	EndGlobalSection
	GlobalSection(ProjectConfigurationPlatforms) = postSolution
		{E4B3DA28-D1A7-427F-8E1A-C140C80D8242}.Debug|Any CPU.ActiveCfg = Debug|Any CPU
		{E4B3DA28-D1A7-427F-8E1A-C140C80D8242}.Debug|Any CPU.Build.0 = Debug|Any CPU
		{E4B3DA28-D1A7-427F-8E1A-C140C80D8242}.Release|Any CPU.ActiveCfg = Release|Any CPU
		{E4B3DA28-D1A7-427F-8E1A-C140C80D8242}.Release|Any CPU.Build.0 = Release|Any CPU
		{CA804333-FB76-4B2F-B3F1-466E9AC1A809}.Debug|Any CPU.ActiveCfg = Debug|Any CPU
		{CA804333-FB76-4B2F-B3F1-466E9AC1A809}.Debug|Any CPU.Build.0 = Debug|Any CPU
		{CA804333-FB76-4B2F-B3F1-466E9AC1A809}.Release|Any CPU.ActiveCfg = Release|Any CPU
		{CA804333-FB76-4B2F-B3F1-466E9AC1A809}.Release|Any CPU.Build.0 = Release|Any CPU
	EndGlobalSection
	GlobalSection(SolutionProperties) = preSolution
		HideSolutionNode = FALSE
	EndGlobalSection
EndGlobal
