
Microsoft Visual Studio Solution File, Format Version 12.00
# Visual Studio 2013
VisualStudioVersion = 12.0.31101.0
MinimumVisualStudioVersion = 10.0.40219.1
Project("{FAE04EC0-301F-11D3-BF4B-00C04F79EFBC}") = "PublishR", "PublishR\PublishR.csproj", "{E4B3DA28-D1A7-427F-8E1A-C140C80D8242}"
EndProject
Project("{FAE04EC0-301F-11D3-BF4B-00C04F79EFBC}") = "PublishR.Azure", "PublishR.Azure\PublishR.Azure.csproj", "{CA804333-FB76-4B2F-B3F1-466E9AC1A809}"
EndProject
Project("{FAE04EC0-301F-11D3-BF4B-00C04F79EFBC}") = "PublishR.Client", "PublishR.Client\PublishR.Client.csproj", "{BB907344-4B15-46D8-B73D-8E09AAC7119A}"
EndProject
Project("{FAE04EC0-301F-11D3-BF4B-00C04F79EFBC}") = "PublishR.Server", "PublishR.Server\PublishR.Server.csproj", "{C762DA01-3799-4C63-B827-CC84B5A9D758}"
EndProject
Project("{FAE04EC0-301F-11D3-BF4B-00C04F79EFBC}") = "PublishR.Sample", "PublishR.Sample\PublishR.Sample.csproj", "{AE0C0A61-7649-4D01-A809-8967F38980C5}"
EndProject
Project("{FAE04EC0-301F-11D3-BF4B-00C04F79EFBC}") = "PublishR.Social", "PublishR.Social\PublishR.Social.csproj", "{76CC85D7-C57D-4810-91CE-284554AFEB40}"
EndProject
Global
	GlobalSection(SolutionConfigurationPlatforms) = preSolution
		Debug|Any CPU = Debug|Any CPU
		Release|Any CPU = Release|Any CPU
	EndGlobalSection
	GlobalSection(ProjectConfigurationPlatforms) = postSolution
		{E4B3DA28-D1A7-427F-8E1A-C140C80D8242}.Debug|Any CPU.ActiveCfg = Debug|Any CPU
		{E4B3DA28-D1A7-427F-8E1A-C140C80D8242}.Debug|Any CPU.Build.0 = Debug|Any CPU
		{E4B3DA28-D1A7-427F-8E1A-C140C80D8242}.Release|Any CPU.ActiveCfg = Release|Any CPU
		{E4B3DA28-D1A7-427F-8E1A-C140C80D8242}.Release|Any CPU.Build.0 = Release|Any CPU
		{CA804333-FB76-4B2F-B3F1-466E9AC1A809}.Debug|Any CPU.ActiveCfg = Debug|Any CPU
		{CA804333-FB76-4B2F-B3F1-466E9AC1A809}.Debug|Any CPU.Build.0 = Debug|Any CPU
		{CA804333-FB76-4B2F-B3F1-466E9AC1A809}.Release|Any CPU.ActiveCfg = Release|Any CPU
		{CA804333-FB76-4B2F-B3F1-466E9AC1A809}.Release|Any CPU.Build.0 = Release|Any CPU
		{BB907344-4B15-46D8-B73D-8E09AAC7119A}.Debug|Any CPU.ActiveCfg = Debug|Any CPU
		{BB907344-4B15-46D8-B73D-8E09AAC7119A}.Debug|Any CPU.Build.0 = Debug|Any CPU
		{BB907344-4B15-46D8-B73D-8E09AAC7119A}.Release|Any CPU.ActiveCfg = Release|Any CPU
		{BB907344-4B15-46D8-B73D-8E09AAC7119A}.Release|Any CPU.Build.0 = Release|Any CPU
		{C762DA01-3799-4C63-B827-CC84B5A9D758}.Debug|Any CPU.ActiveCfg = Debug|Any CPU
		{C762DA01-3799-4C63-B827-CC84B5A9D758}.Debug|Any CPU.Build.0 = Debug|Any CPU
		{C762DA01-3799-4C63-B827-CC84B5A9D758}.Release|Any CPU.ActiveCfg = Release|Any CPU
		{C762DA01-3799-4C63-B827-CC84B5A9D758}.Release|Any CPU.Build.0 = Release|Any CPU
		{AE0C0A61-7649-4D01-A809-8967F38980C5}.Debug|Any CPU.ActiveCfg = Debug|Any CPU
		{AE0C0A61-7649-4D01-A809-8967F38980C5}.Debug|Any CPU.Build.0 = Debug|Any CPU
		{AE0C0A61-7649-4D01-A809-8967F38980C5}.Release|Any CPU.ActiveCfg = Release|Any CPU
		{AE0C0A61-7649-4D01-A809-8967F38980C5}.Release|Any CPU.Build.0 = Release|Any CPU
		{76CC85D7-C57D-4810-91CE-284554AFEB40}.Debug|Any CPU.ActiveCfg = Debug|Any CPU
		{76CC85D7-C57D-4810-91CE-284554AFEB40}.Debug|Any CPU.Build.0 = Debug|Any CPU
		{76CC85D7-C57D-4810-91CE-284554AFEB40}.Release|Any CPU.ActiveCfg = Release|Any CPU
		{76CC85D7-C57D-4810-91CE-284554AFEB40}.Release|Any CPU.Build.0 = Release|Any CPU
	EndGlobalSection
	GlobalSection(SolutionProperties) = preSolution
		HideSolutionNode = FALSE
	EndGlobalSection
EndGlobal
