
Microsoft Visual Studio Solution File, Format Version 12.00
# Visual Studio 2013
VisualStudioVersion = 12.0.31101.0
MinimumVisualStudioVersion = 10.0.40219.1
Project("{FAE04EC0-301F-11D3-BF4B-00C04F79EFBC}") = "PublishR", "PublishR\PublishR.csproj", "{E4B3DA28-D1A7-427F-8E1A-C140C80D8242}"
EndProject
Project("{FAE04EC0-301F-11D3-BF4B-00C04F79EFBC}") = "PublishR.Azure", "PublishR.Azure\PublishR.Azure.csproj", "{CA804333-FB76-4B2F-B3F1-466E9AC1A809}"
EndProject
Project("{FAE04EC0-301F-11D3-BF4B-00C04F79EFBC}") = "PublishR.Client", "PublishR.Client\PublishR.Client.csproj", "{BB907344-4B15-46D8-B73D-8E09AAC7119A}"
EndProject
Project("{FAE04EC0-301F-11D3-BF4B-00C04F79EFBC}") = "PublishR.Server", "PublishR.Server\PublishR.Server.csproj", "{C762DA01-3799-4C63-B827-CC84B5A9D758}"
EndProject
Project("{FAE04EC0-301F-11D3-BF4B-00C04F79EFBC}") = "PublishR.Social", "PublishR.Social\PublishR.Social.csproj", "{76CC85D7-C57D-4810-91CE-284554AFEB40}"
EndProject
Project("{FAE04EC0-301F-11D3-BF4B-00C04F79EFBC}") = "PublishR.Starter.PrivateWebApp", "PublishR.Starter.PrivateWebApp\PublishR.Starter.PrivateWebApp.csproj", "{D923C7E4-CB6F-416A-85E8-C345D05CEA35}"
EndProject
Project("{FAE04EC0-301F-11D3-BF4B-00C04F79EFBC}") = "PublishR.Starter.PublicWebApp", "PublishR.Starter.PublicWebApp\PublishR.Starter.PublicWebApp.csproj", "{164C239C-F7AD-4C49-9C35-68FB3B2F6293}"
EndProject
Project("{FAE04EC0-301F-11D3-BF4B-00C04F79EFBC}") = "PublishR.Starter.SharedApiApp", "PublishR.Starter.SharedApiApp\PublishR.Starter.SharedApiApp.csproj", "{0DC7B84B-A6C9-4A33-B356-577449977301}"
EndProject
Global
	GlobalSection(SolutionConfigurationPlatforms) = preSolution
		Debug|Any CPU = Debug|Any CPU
		Release|Any CPU = Release|Any CPU
	EndGlobalSection
	GlobalSection(ProjectConfigurationPlatforms) = postSolution
		{E4B3DA28-D1A7-427F-8E1A-C140C80D8242}.Debug|Any CPU.ActiveCfg = Debug|Any CPU
		{E4B3DA28-D1A7-427F-8E1A-C140C80D8242}.Debug|Any CPU.Build.0 = Debug|Any CPU
		{E4B3DA28-D1A7-427F-8E1A-C140C80D8242}.Release|Any CPU.ActiveCfg = Release|Any CPU
		{E4B3DA28-D1A7-427F-8E1A-C140C80D8242}.Release|Any CPU.Build.0 = Release|Any CPU
		{CA804333-FB76-4B2F-B3F1-466E9AC1A809}.Debug|Any CPU.ActiveCfg = Debug|Any CPU
		{CA804333-FB76-4B2F-B3F1-466E9AC1A809}.Debug|Any CPU.Build.0 = Debug|Any CPU
		{CA804333-FB76-4B2F-B3F1-466E9AC1A809}.Release|Any CPU.ActiveCfg = Release|Any CPU
		{CA804333-FB76-4B2F-B3F1-466E9AC1A809}.Release|Any CPU.Build.0 = Release|Any CPU
		{BB907344-4B15-46D8-B73D-8E09AAC7119A}.Debug|Any CPU.ActiveCfg = Debug|Any CPU
		{BB907344-4B15-46D8-B73D-8E09AAC7119A}.Debug|Any CPU.Build.0 = Debug|Any CPU
		{BB907344-4B15-46D8-B73D-8E09AAC7119A}.Release|Any CPU.ActiveCfg = Release|Any CPU
		{BB907344-4B15-46D8-B73D-8E09AAC7119A}.Release|Any CPU.Build.0 = Release|Any CPU
		{C762DA01-3799-4C63-B827-CC84B5A9D758}.Debug|Any CPU.ActiveCfg = Debug|Any CPU
		{C762DA01-3799-4C63-B827-CC84B5A9D758}.Debug|Any CPU.Build.0 = Debug|Any CPU
		{C762DA01-3799-4C63-B827-CC84B5A9D758}.Release|Any CPU.ActiveCfg = Release|Any CPU
		{C762DA01-3799-4C63-B827-CC84B5A9D758}.Release|Any CPU.Build.0 = Release|Any CPU
		{76CC85D7-C57D-4810-91CE-284554AFEB40}.Debug|Any CPU.ActiveCfg = Debug|Any CPU
		{76CC85D7-C57D-4810-91CE-284554AFEB40}.Debug|Any CPU.Build.0 = Debug|Any CPU
		{76CC85D7-C57D-4810-91CE-284554AFEB40}.Release|Any CPU.ActiveCfg = Release|Any CPU
		{76CC85D7-C57D-4810-91CE-284554AFEB40}.Release|Any CPU.Build.0 = Release|Any CPU
		{D923C7E4-CB6F-416A-85E8-C345D05CEA35}.Debug|Any CPU.ActiveCfg = Debug|Any CPU
		{D923C7E4-CB6F-416A-85E8-C345D05CEA35}.Debug|Any CPU.Build.0 = Debug|Any CPU
		{D923C7E4-CB6F-416A-85E8-C345D05CEA35}.Release|Any CPU.ActiveCfg = Release|Any CPU
		{D923C7E4-CB6F-416A-85E8-C345D05CEA35}.Release|Any CPU.Build.0 = Release|Any CPU
		{164C239C-F7AD-4C49-9C35-68FB3B2F6293}.Debug|Any CPU.ActiveCfg = Debug|Any CPU
		{164C239C-F7AD-4C49-9C35-68FB3B2F6293}.Debug|Any CPU.Build.0 = Debug|Any CPU
		{164C239C-F7AD-4C49-9C35-68FB3B2F6293}.Release|Any CPU.ActiveCfg = Release|Any CPU
		{164C239C-F7AD-4C49-9C35-68FB3B2F6293}.Release|Any CPU.Build.0 = Release|Any CPU
		{0DC7B84B-A6C9-4A33-B356-577449977301}.Debug|Any CPU.ActiveCfg = Debug|Any CPU
		{0DC7B84B-A6C9-4A33-B356-577449977301}.Debug|Any CPU.Build.0 = Debug|Any CPU
		{0DC7B84B-A6C9-4A33-B356-577449977301}.Release|Any CPU.ActiveCfg = Release|Any CPU
		{0DC7B84B-A6C9-4A33-B356-577449977301}.Release|Any CPU.Build.0 = Release|Any CPU
	EndGlobalSection
	GlobalSection(SolutionProperties) = preSolution
		HideSolutionNode = FALSE
	EndGlobalSection
EndGlobal
